// !$*UTF8*$!
{
	archiveVersion = 1;
	classes = {
	};
	objectVersion = 56;
	objects = {

/* Begin PBXBuildFile section */
		79BD13E42A8443E400162858 /* RedFlag1App.swift in Sources */ = {isa = PBXBuildFile; fileRef = 79BD13E32A8443E400162858 /* RedFlag1App.swift */; };
		79BD13E62A8443E400162858 /* ContentView.swift in Sources */ = {isa = PBXBuildFile; fileRef = 79BD13E52A8443E400162858 /* ContentView.swift */; };
		79BD13E82A8443E600162858 /* Assets.xcassets in Resources */ = {isa = PBXBuildFile; fileRef = 79BD13E72A8443E600162858 /* Assets.xcassets */; };
		79BD13EC2A8443E600162858 /* Preview Assets.xcassets in Resources */ = {isa = PBXBuildFile; fileRef = 79BD13EB2A8443E600162858 /* Preview Assets.xcassets */; };
		79BD13F62A8443E600162858 /* RedFlag1Tests.swift in Sources */ = {isa = PBXBuildFile; fileRef = 79BD13F52A8443E600162858 /* RedFlag1Tests.swift */; };
		79BD14002A8443E600162858 /* RedFlag1UITests.swift in Sources */ = {isa = PBXBuildFile; fileRef = 79BD13FF2A8443E600162858 /* RedFlag1UITests.swift */; };
		79BD14022A8443E600162858 /* RedFlag1UITestsLaunchTests.swift in Sources */ = {isa = PBXBuildFile; fileRef = 79BD14012A8443E600162858 /* RedFlag1UITestsLaunchTests.swift */; };
		79BD140F2A84547B00162858 /* SplachScreenView.swift in Sources */ = {isa = PBXBuildFile; fileRef = 79BD140E2A84547B00162858 /* SplachScreenView.swift */; };
		79BD14132A8467B500162858 /* SPAMClassifier.mlmodel in Sources */ = {isa = PBXBuildFile; fileRef = 79BD14122A8467B500162858 /* SPAMClassifier.mlmodel */; };
		79BD14582A85BF3600162858 /* About.swift in Sources */ = {isa = PBXBuildFile; fileRef = 79BD14572A85BF3600162858 /* About.swift */; };
		79BD145A2A85CFFF00162858 /* Rebort.swift in Sources */ = {isa = PBXBuildFile; fileRef = 79BD14592A85CFFF00162858 /* Rebort.swift */; };
		79BD145C2A85D63300162858 /* tab.swift in Sources */ = {isa = PBXBuildFile; fileRef = 79BD145B2A85D63300162858 /* tab.swift */; };
/* End PBXBuildFile section */

/* Begin PBXContainerItemProxy section */
		79BD13F22A8443E600162858 /* PBXContainerItemProxy */ = {
			isa = PBXContainerItemProxy;
			containerPortal = 79BD13D82A8443E400162858 /* Project object */;
			proxyType = 1;
			remoteGlobalIDString = 79BD13DF2A8443E400162858;
			remoteInfo = RedFlag1;
		};
		79BD13FC2A8443E600162858 /* PBXContainerItemProxy */ = {
			isa = PBXContainerItemProxy;
			containerPortal = 79BD13D82A8443E400162858 /* Project object */;
			proxyType = 1;
			remoteGlobalIDString = 79BD13DF2A8443E400162858;
			remoteInfo = RedFlag1;
		};
/* End PBXContainerItemProxy section */

/* Begin PBXFileReference section */
		79BD13E02A8443E400162858 /* RedFlag1.app */ = {isa = PBXFileReference; explicitFileType = wrapper.application; includeInIndex = 0; path = RedFlag1.app; sourceTree = BUILT_PRODUCTS_DIR; };
		79BD13E32A8443E400162858 /* RedFlag1App.swift */ = {isa = PBXFileReference; lastKnownFileType = sourcecode.swift; path = RedFlag1App.swift; sourceTree = "<group>"; };
		79BD13E52A8443E400162858 /* ContentView.swift */ = {isa = PBXFileReference; lastKnownFileType = sourcecode.swift; path = ContentView.swift; sourceTree = "<group>"; };
		79BD13E72A8443E600162858 /* Assets.xcassets */ = {isa = PBXFileReference; lastKnownFileType = folder.assetcatalog; path = Assets.xcassets; sourceTree = "<group>"; };
		79BD13E92A8443E600162858 /* RedFlag1.entitlements */ = {isa = PBXFileReference; lastKnownFileType = text.plist.entitlements; path = RedFlag1.entitlements; sourceTree = "<group>"; };
		79BD13EB2A8443E600162858 /* Preview Assets.xcassets */ = {isa = PBXFileReference; lastKnownFileType = folder.assetcatalog; path = "Preview Assets.xcassets"; sourceTree = "<group>"; };
		79BD13F12A8443E600162858 /* RedFlag1Tests.xctest */ = {isa = PBXFileReference; explicitFileType = wrapper.cfbundle; includeInIndex = 0; path = RedFlag1Tests.xctest; sourceTree = BUILT_PRODUCTS_DIR; };
		79BD13F52A8443E600162858 /* RedFlag1Tests.swift */ = {isa = PBXFileReference; lastKnownFileType = sourcecode.swift; path = RedFlag1Tests.swift; sourceTree = "<group>"; };
		79BD13FB2A8443E600162858 /* RedFlag1UITests.xctest */ = {isa = PBXFileReference; explicitFileType = wrapper.cfbundle; includeInIndex = 0; path = RedFlag1UITests.xctest; sourceTree = BUILT_PRODUCTS_DIR; };
		79BD13FF2A8443E600162858 /* RedFlag1UITests.swift */ = {isa = PBXFileReference; lastKnownFileType = sourcecode.swift; path = RedFlag1UITests.swift; sourceTree = "<group>"; };
		79BD14012A8443E600162858 /* RedFlag1UITestsLaunchTests.swift */ = {isa = PBXFileReference; lastKnownFileType = sourcecode.swift; path = RedFlag1UITestsLaunchTests.swift; sourceTree = "<group>"; };
		79BD140E2A84547B00162858 /* SplachScreenView.swift */ = {isa = PBXFileReference; fileEncoding = 4; lastKnownFileType = sourcecode.swift; path = SplachScreenView.swift; sourceTree = "<group>"; };
		79BD14122A8467B500162858 /* SPAMClassifier.mlmodel */ = {isa = PBXFileReference; lastKnownFileType = file.mlmodel; path = SPAMClassifier.mlmodel; sourceTree = "<group>"; };
		79BD14572A85BF3600162858 /* About.swift */ = {isa = PBXFileReference; lastKnownFileType = sourcecode.swift; path = About.swift; sourceTree = "<group>"; };
		79BD14592A85CFFF00162858 /* Rebort.swift */ = {isa = PBXFileReference; lastKnownFileType = sourcecode.swift; path = Rebort.swift; sourceTree = "<group>"; };
		79BD145B2A85D63300162858 /* tab.swift */ = {isa = PBXFileReference; lastKnownFileType = sourcecode.swift; path = tab.swift; sourceTree = "<group>"; };
/* End PBXFileReference section */

/* Begin PBXFrameworksBuildPhase section */
		79BD13DD2A8443E400162858 /* Frameworks */ = {
			isa = PBXFrameworksBuildPhase;
			buildActionMask = 2147483647;
			files = (
			);
			runOnlyForDeploymentPostprocessing = 0;
		};
		79BD13EE2A8443E600162858 /* Frameworks */ = {
			isa = PBXFrameworksBuildPhase;
			buildActionMask = 2147483647;
			files = (
			);
			runOnlyForDeploymentPostprocessing = 0;
		};
		79BD13F82A8443E600162858 /* Frameworks */ = {
			isa = PBXFrameworksBuildPhase;
			buildActionMask = 2147483647;
			files = (
			);
			runOnlyForDeploymentPostprocessing = 0;
		};
/* End PBXFrameworksBuildPhase section */

/* Begin PBXGroup section */
		79BD13D72A8443E400162858 = {
			isa = PBXGroup;
			children = (
				79BD13E22A8443E400162858 /* RedFlag1 */,
				79BD13F42A8443E600162858 /* RedFlag1Tests */,
				79BD13FE2A8443E600162858 /* RedFlag1UITests */,
				79BD13E12A8443E400162858 /* Products */,
			);
			sourceTree = "<group>";
		};
		79BD13E12A8443E400162858 /* Products */ = {
			isa = PBXGroup;
			children = (
				79BD13E02A8443E400162858 /* RedFlag1.app */,
				79BD13F12A8443E600162858 /* RedFlag1Tests.xctest */,
				79BD13FB2A8443E600162858 /* RedFlag1UITests.xctest */,
			);
			name = Products;
			sourceTree = "<group>";
		};
		79BD13E22A8443E400162858 /* RedFlag1 */ = {
			isa = PBXGroup;
			children = (
				79BD13E32A8443E400162858 /* RedFlag1App.swift */,
				79BD13E52A8443E400162858 /* ContentView.swift */,
				79BD14572A85BF3600162858 /* About.swift */,
				79BD14592A85CFFF00162858 /* Rebort.swift */,
				79BD145B2A85D63300162858 /* tab.swift */,
				79BD140E2A84547B00162858 /* SplachScreenView.swift */,
				79BD14122A8467B500162858 /* SPAMClassifier.mlmodel */,
				79BD13E72A8443E600162858 /* Assets.xcassets */,
				79BD13E92A8443E600162858 /* RedFlag1.entitlements */,
				79BD13EA2A8443E600162858 /* Preview Content */,
			);
			path = RedFlag1;
			sourceTree = "<group>";
		};
		79BD13EA2A8443E600162858 /* Preview Content */ = {
			isa = PBXGroup;
			children = (
				79BD13EB2A8443E600162858 /* Preview Assets.xcassets */,
			);
			path = "Preview Content";
			sourceTree = "<group>";
		};
		79BD13F42A8443E600162858 /* RedFlag1Tests */ = {
			isa = PBXGroup;
			children = (
				79BD13F52A8443E600162858 /* RedFlag1Tests.swift */,
			);
			path = RedFlag1Tests;
			sourceTree = "<group>";
		};
		79BD13FE2A8443E600162858 /* RedFlag1UITests */ = {
			isa = PBXGroup;
			children = (
				79BD13FF2A8443E600162858 /* RedFlag1UITests.swift */,
				79BD14012A8443E600162858 /* RedFlag1UITestsLaunchTests.swift */,
			);
			path = RedFlag1UITests;
			sourceTree = "<group>";
		};
/* End PBXGroup section */

/* Begin PBXNativeTarget section */
		79BD13DF2A8443E400162858 /* RedFlag1 */ = {
			isa = PBXNativeTarget;
			buildConfigurationList = 79BD14052A8443E600162858 /* Build configuration list for PBXNativeTarget "RedFlag1" */;
			buildPhases = (
				79BD13DC2A8443E400162858 /* Sources */,
				79BD13DD2A8443E400162858 /* Frameworks */,
				79BD13DE2A8443E400162858 /* Resources */,
			);
			buildRules = (
			);
			dependencies = (
			);
			name = RedFlag1;
			productName = RedFlag1;
			productReference = 79BD13E02A8443E400162858 /* RedFlag1.app */;
			productType = "com.apple.product-type.application";
		};
		79BD13F02A8443E600162858 /* RedFlag1Tests */ = {
			isa = PBXNativeTarget;
			buildConfigurationList = 79BD14082A8443E600162858 /* Build configuration list for PBXNativeTarget "RedFlag1Tests" */;
			buildPhases = (
				79BD13ED2A8443E600162858 /* Sources */,
				79BD13EE2A8443E600162858 /* Frameworks */,
				79BD13EF2A8443E600162858 /* Resources */,
			);
			buildRules = (
			);
			dependencies = (
				79BD13F32A8443E600162858 /* PBXTargetDependency */,
			);
			name = RedFlag1Tests;
			productName = RedFlag1Tests;
			productReference = 79BD13F12A8443E600162858 /* RedFlag1Tests.xctest */;
			productType = "com.apple.product-type.bundle.unit-test";
		};
		79BD13FA2A8443E600162858 /* RedFlag1UITests */ = {
			isa = PBXNativeTarget;
			buildConfigurationList = 79BD140B2A8443E600162858 /* Build configuration list for PBXNativeTarget "RedFlag1UITests" */;
			buildPhases = (
				79BD13F72A8443E600162858 /* Sources */,
				79BD13F82A8443E600162858 /* Frameworks */,
				79BD13F92A8443E600162858 /* Resources */,
			);
			buildRules = (
			);
			dependencies = (
				79BD13FD2A8443E600162858 /* PBXTargetDependency */,
			);
			name = RedFlag1UITests;
			productName = RedFlag1UITests;
			productReference = 79BD13FB2A8443E600162858 /* RedFlag1UITests.xctest */;
			productType = "com.apple.product-type.bundle.ui-testing";
		};
/* End PBXNativeTarget section */

/* Begin PBXProject section */
		79BD13D82A8443E400162858 /* Project object */ = {
			isa = PBXProject;
			attributes = {
				BuildIndependentTargetsInParallel = 1;
				LastSwiftUpdateCheck = 1430;
				LastUpgradeCheck = 1430;
				TargetAttributes = {
					79BD13DF2A8443E400162858 = {
						CreatedOnToolsVersion = 14.3.1;
					};
					79BD13F02A8443E600162858 = {
						CreatedOnToolsVersion = 14.3.1;
						TestTargetID = 79BD13DF2A8443E400162858;
					};
					79BD13FA2A8443E600162858 = {
						CreatedOnToolsVersion = 14.3.1;
						TestTargetID = 79BD13DF2A8443E400162858;
					};
				};
			};
			buildConfigurationList = 79BD13DB2A8443E400162858 /* Build configuration list for PBXProject "RedFlag1" */;
			compatibilityVersion = "Xcode 14.0";
			developmentRegion = en;
			hasScannedForEncodings = 0;
			knownRegions = (
				en,
				Base,
			);
			mainGroup = 79BD13D72A8443E400162858;
			productRefGroup = 79BD13E12A8443E400162858 /* Products */;
			projectDirPath = "";
			projectRoot = "";
			targets = (
				79BD13DF2A8443E400162858 /* RedFlag1 */,
				79BD13F02A8443E600162858 /* RedFlag1Tests */,
				79BD13FA2A8443E600162858 /* RedFlag1UITests */,
			);
		};
/* End PBXProject section */

/* Begin PBXResourcesBuildPhase section */
		79BD13DE2A8443E400162858 /* Resources */ = {
			isa = PBXResourcesBuildPhase;
			buildActionMask = 2147483647;
			files = (
				79BD13EC2A8443E600162858 /* Preview Assets.xcassets in Resources */,
				79BD13E82A8443E600162858 /* Assets.xcassets in Resources */,
			);
			runOnlyForDeploymentPostprocessing = 0;
		};
		79BD13EF2A8443E600162858 /* Resources */ = {
			isa = PBXResourcesBuildPhase;
			buildActionMask = 2147483647;
			files = (
			);
			runOnlyForDeploymentPostprocessing = 0;
		};
		79BD13F92A8443E600162858 /* Resources */ = {
			isa = PBXResourcesBuildPhase;
			buildActionMask = 2147483647;
			files = (
			);
			runOnlyForDeploymentPostprocessing = 0;
		};
/* End PBXResourcesBuildPhase section */

/* Begin PBXSourcesBuildPhase section */
		79BD13DC2A8443E400162858 /* Sources */ = {
			isa = PBXSourcesBuildPhase;
			buildActionMask = 2147483647;
			files = (
				79BD14582A85BF3600162858 /* About.swift in Sources */,
				79BD145A2A85CFFF00162858 /* Rebort.swift in Sources */,
				79BD14132A8467B500162858 /* SPAMClassifier.mlmodel in Sources */,
				79BD145C2A85D63300162858 /* tab.swift in Sources */,
				79BD140F2A84547B00162858 /* SplachScreenView.swift in Sources */,
				79BD13E62A8443E400162858 /* ContentView.swift in Sources */,
				79BD13E42A8443E400162858 /* RedFlag1App.swift in Sources */,
			);
			runOnlyForDeploymentPostprocessing = 0;
		};
		79BD13ED2A8443E600162858 /* Sources */ = {
			isa = PBXSourcesBuildPhase;
			buildActionMask = 2147483647;
			files = (
				79BD13F62A8443E600162858 /* RedFlag1Tests.swift in Sources */,
			);
			runOnlyForDeploymentPostprocessing = 0;
		};
		79BD13F72A8443E600162858 /* Sources */ = {
			isa = PBXSourcesBuildPhase;
			buildActionMask = 2147483647;
			files = (
				79BD14022A8443E600162858 /* RedFlag1UITestsLaunchTests.swift in Sources */,
				79BD14002A8443E600162858 /* RedFlag1UITests.swift in Sources */,
			);
			runOnlyForDeploymentPostprocessing = 0;
		};
/* End PBXSourcesBuildPhase section */

/* Begin PBXTargetDependency section */
		79BD13F32A8443E600162858 /* PBXTargetDependency */ = {
			isa = PBXTargetDependency;
			target = 79BD13DF2A8443E400162858 /* RedFlag1 */;
			targetProxy = 79BD13F22A8443E600162858 /* PBXContainerItemProxy */;
		};
		79BD13FD2A8443E600162858 /* PBXTargetDependency */ = {
			isa = PBXTargetDependency;
			target = 79BD13DF2A8443E400162858 /* RedFlag1 */;
			targetProxy = 79BD13FC2A8443E600162858 /* PBXContainerItemProxy */;
		};
/* End PBXTargetDependency section */

/* Begin XCBuildConfiguration section */
		79BD14032A8443E600162858 /* Debug */ = {
			isa = XCBuildConfiguration;
			buildSettings = {
				ALWAYS_SEARCH_USER_PATHS = NO;
				CLANG_ANALYZER_NONNULL = YES;
				CLANG_ANALYZER_NUMBER_OBJECT_CONVERSION = YES_AGGRESSIVE;
				CLANG_CXX_LANGUAGE_STANDARD = "gnu++20";
				CLANG_ENABLE_MODULES = YES;
				CLANG_ENABLE_OBJC_ARC = YES;
				CLANG_ENABLE_OBJC_WEAK = YES;
				CLANG_WARN_BLOCK_CAPTURE_AUTORELEASING = YES;
				CLANG_WARN_BOOL_CONVERSION = YES;
				CLANG_WARN_COMMA = YES;
				CLANG_WARN_CONSTANT_CONVERSION = YES;
				CLANG_WARN_DEPRECATED_OBJC_IMPLEMENTATIONS = YES;
				CLANG_WARN_DIRECT_OBJC_ISA_USAGE = YES_ERROR;
				CLANG_WARN_DOCUMENTATION_COMMENTS = YES;
				CLANG_WARN_EMPTY_BODY = YES;
				CLANG_WARN_ENUM_CONVERSION = YES;
				CLANG_WARN_INFINITE_RECURSION = YES;
				CLANG_WARN_INT_CONVERSION = YES;
				CLANG_WARN_NON_LITERAL_NULL_CONVERSION = YES;
				CLANG_WARN_OBJC_IMPLICIT_RETAIN_SELF = YES;
				CLANG_WARN_OBJC_LITERAL_CONVERSION = YES;
				CLANG_WARN_OBJC_ROOT_CLASS = YES_ERROR;
				CLANG_WARN_QUOTED_INCLUDE_IN_FRAMEWORK_HEADER = YES;
				CLANG_WARN_RANGE_LOOP_ANALYSIS = YES;
				CLANG_WARN_STRICT_PROTOTYPES = YES;
				CLANG_WARN_SUSPICIOUS_MOVE = YES;
				CLANG_WARN_UNGUARDED_AVAILABILITY = YES_AGGRESSIVE;
				CLANG_WARN_UNREACHABLE_CODE = YES;
				CLANG_WARN__DUPLICATE_METHOD_MATCH = YES;
				COPY_PHASE_STRIP = NO;
				DEBUG_INFORMATION_FORMAT = dwarf;
				ENABLE_STRICT_OBJC_MSGSEND = YES;
				ENABLE_TESTABILITY = YES;
				GCC_C_LANGUAGE_STANDARD = gnu11;
				GCC_DYNAMIC_NO_PIC = NO;
				GCC_NO_COMMON_BLOCKS = YES;
				GCC_OPTIMIZATION_LEVEL = 0;
				GCC_PREPROCESSOR_DEFINITIONS = (
					"DEBUG=1",
					"$(inherited)",
				);
				GCC_WARN_64_TO_32_BIT_CONVERSION = YES;
				GCC_WARN_ABOUT_RETURN_TYPE = YES_ERROR;
				GCC_WARN_UNDECLARED_SELECTOR = YES;
				GCC_WARN_UNINITIALIZED_AUTOS = YES_AGGRESSIVE;
				GCC_WARN_UNUSED_FUNCTION = YES;
				GCC_WARN_UNUSED_VARIABLE = YES;
				MTL_ENABLE_DEBUG_INFO = INCLUDE_SOURCE;
				MTL_FAST_MATH = YES;
				ONLY_ACTIVE_ARCH = YES;
				SWIFT_ACTIVE_COMPILATION_CONDITIONS = DEBUG;
				SWIFT_OPTIMIZATION_LEVEL = "-Onone";
			};
			name = Debug;
		};
		79BD14042A8443E600162858 /* Release */ = {
			isa = XCBuildConfiguration;
			buildSettings = {
				ALWAYS_SEARCH_USER_PATHS = NO;
				CLANG_ANALYZER_NONNULL = YES;
				CLANG_ANALYZER_NUMBER_OBJECT_CONVERSION = YES_AGGRESSIVE;
				CLANG_CXX_LANGUAGE_STANDARD = "gnu++20";
				CLANG_ENABLE_MODULES = YES;
				CLANG_ENABLE_OBJC_ARC = YES;
				CLANG_ENABLE_OBJC_WEAK = YES;
				CLANG_WARN_BLOCK_CAPTURE_AUTORELEASING = YES;
				CLANG_WARN_BOOL_CONVERSION = YES;
				CLANG_WARN_COMMA = YES;
				CLANG_WARN_CONSTANT_CONVERSION = YES;
				CLANG_WARN_DEPRECATED_OBJC_IMPLEMENTATIONS = YES;
				CLANG_WARN_DIRECT_OBJC_ISA_USAGE = YES_ERROR;
				CLANG_WARN_DOCUMENTATION_COMMENTS = YES;
				CLANG_WARN_EMPTY_BODY = YES;
				CLANG_WARN_ENUM_CONVERSION = YES;
				CLANG_WARN_INFINITE_RECURSION = YES;
				CLANG_WARN_INT_CONVERSION = YES;
				CLANG_WARN_NON_LITERAL_NULL_CONVERSION = YES;
				CLANG_WARN_OBJC_IMPLICIT_RETAIN_SELF = YES;
				CLANG_WARN_OBJC_LITERAL_CONVERSION = YES;
				CLANG_WARN_OBJC_ROOT_CLASS = YES_ERROR;
				CLANG_WARN_QUOTED_INCLUDE_IN_FRAMEWORK_HEADER = YES;
				CLANG_WARN_RANGE_LOOP_ANALYSIS = YES;
				CLANG_WARN_STRICT_PROTOTYPES = YES;
				CLANG_WARN_SUSPICIOUS_MOVE = YES;
				CLANG_WARN_UNGUARDED_AVAILABILITY = YES_AGGRESSIVE;
				CLANG_WARN_UNREACHABLE_CODE = YES;
				CLANG_WARN__DUPLICATE_METHOD_MATCH = YES;
				COPY_PHASE_STRIP = NO;
				DEBUG_INFORMATION_FORMAT = "dwarf-with-dsym";
				ENABLE_NS_ASSERTIONS = NO;
				ENABLE_STRICT_OBJC_MSGSEND = YES;
				GCC_C_LANGUAGE_STANDARD = gnu11;
				GCC_NO_COMMON_BLOCKS = YES;
				GCC_WARN_64_TO_32_BIT_CONVERSION = YES;
				GCC_WARN_ABOUT_RETURN_TYPE = YES_ERROR;
				GCC_WARN_UNDECLARED_SELECTOR = YES;
				GCC_WARN_UNINITIALIZED_AUTOS = YES_AGGRESSIVE;
				GCC_WARN_UNUSED_FUNCTION = YES;
				GCC_WARN_UNUSED_VARIABLE = YES;
				MTL_ENABLE_DEBUG_INFO = NO;
				MTL_FAST_MATH = YES;
				SWIFT_COMPILATION_MODE = wholemodule;
				SWIFT_OPTIMIZATION_LEVEL = "-O";
			};
			name = Release;
		};
		79BD14062A8443E600162858 /* Debug */ = {
			isa = XCBuildConfiguration;
			buildSettings = {
				ASSETCATALOG_COMPILER_APPICON_NAME = AppIcon;
				ASSETCATALOG_COMPILER_GLOBAL_ACCENT_COLOR_NAME = AccentColor;
				CODE_SIGN_ENTITLEMENTS = RedFlag1/RedFlag1.entitlements;
				CODE_SIGN_STYLE = Automatic;
				CURRENT_PROJECT_VERSION = 1;
				DEVELOPMENT_ASSET_PATHS = "\"RedFlag1/Preview Content\"";
				DEVELOPMENT_TEAM = A7W3PW83NK;
				ENABLE_HARDENED_RUNTIME = YES;
				ENABLE_PREVIEWS = YES;
				GENERATE_INFOPLIST_FILE = YES;
				"INFOPLIST_KEY_UIApplicationSceneManifest_Generation[sdk=iphoneos*]" = YES;
				"INFOPLIST_KEY_UIApplicationSceneManifest_Generation[sdk=iphonesimulator*]" = YES;
				"INFOPLIST_KEY_UIApplicationSupportsIndirectInputEvents[sdk=iphoneos*]" = YES;
				"INFOPLIST_KEY_UIApplicationSupportsIndirectInputEvents[sdk=iphonesimulator*]" = YES;
				"INFOPLIST_KEY_UILaunchScreen_Generation[sdk=iphoneos*]" = YES;
				"INFOPLIST_KEY_UILaunchScreen_Generation[sdk=iphonesimulator*]" = YES;
				"INFOPLIST_KEY_UIStatusBarStyle[sdk=iphoneos*]" = UIStatusBarStyleDefault;
				"INFOPLIST_KEY_UIStatusBarStyle[sdk=iphonesimulator*]" = UIStatusBarStyleDefault;
				INFOPLIST_KEY_UISupportedInterfaceOrientations_iPad = "UIInterfaceOrientationPortrait UIInterfaceOrientationPortraitUpsideDown UIInterfaceOrientationLandscapeLeft UIInterfaceOrientationLandscapeRight";
				INFOPLIST_KEY_UISupportedInterfaceOrientations_iPhone = "UIInterfaceOrientationPortrait UIInterfaceOrientationLandscapeLeft UIInterfaceOrientationLandscapeRight";
				IPHONEOS_DEPLOYMENT_TARGET = 16.4;
				LD_RUNPATH_SEARCH_PATHS = "@executable_path/Frameworks";
				"LD_RUNPATH_SEARCH_PATHS[sdk=macosx*]" = "@executable_path/../Frameworks";
				MACOSX_DEPLOYMENT_TARGET = 13.3;
				MARKETING_VERSION = 1.0;
				PRODUCT_BUNDLE_IDENTIFIER = example.com.RedFlag1;
				PRODUCT_NAME = "$(TARGET_NAME)";
				SDKROOT = auto;
				SUPPORTED_PLATFORMS = "iphoneos iphonesimulator macosx";
				SWIFT_EMIT_LOC_STRINGS = YES;
				SWIFT_VERSION = 5.0;
				TARGETED_DEVICE_FAMILY = "1,2";
			};
			name = Debug;
		};
		79BD14072A8443E600162858 /* Release */ = {
			isa = XCBuildConfiguration;
			buildSettings = {
				ASSETCATALOG_COMPILER_APPICON_NAME = AppIcon;
				ASSETCATALOG_COMPILER_GLOBAL_ACCENT_COLOR_NAME = AccentColor;
				CODE_SIGN_ENTITLEMENTS = RedFlag1/RedFlag1.entitlements;
				CODE_SIGN_STYLE = Automatic;
				CURRENT_PROJECT_VERSION = 1;
				DEVELOPMENT_ASSET_PATHS = "\"RedFlag1/Preview Content\"";
				DEVELOPMENT_TEAM = A7W3PW83NK;
				ENABLE_HARDENED_RUNTIME = YES;
				ENABLE_PREVIEWS = YES;
				GENERATE_INFOPLIST_FILE = YES;
				"INFOPLIST_KEY_UIApplicationSceneManifest_Generation[sdk=iphoneos*]" = YES;
				"INFOPLIST_KEY_UIApplicationSceneManifest_Generation[sdk=iphonesimulator*]" = YES;
				"INFOPLIST_KEY_UIApplicationSupportsIndirectInputEvents[sdk=iphoneos*]" = YES;
				"INFOPLIST_KEY_UIApplicationSupportsIndirectInputEvents[sdk=iphonesimulator*]" = YES;
				"INFOPLIST_KEY_UILaunchScreen_Generation[sdk=iphoneos*]" = YES;
				"INFOPLIST_KEY_UILaunchScreen_Generation[sdk=iphonesimulator*]" = YES;
				"INFOPLIST_KEY_UIStatusBarStyle[sdk=iphoneos*]" = UIStatusBarStyleDefault;
				"INFOPLIST_KEY_UIStatusBarStyle[sdk=iphonesimulator*]" = UIStatusBarStyleDefault;
				INFOPLIST_KEY_UISupportedInterfaceOrientations_iPad = "UIInterfaceOrientationPortrait UIInterfaceOrientationPortraitUpsideDown UIInterfaceOrientationLandscapeLeft UIInterfaceOrientationLandscapeRight";
				INFOPLIST_KEY_UISupportedInterfaceOrientations_iPhone = "UIInterfaceOrientationPortrait UIInterfaceOrientationLandscapeLeft UIInterfaceOrientationLandscapeRight";
				IPHONEOS_DEPLOYMENT_TARGET = 16.4;
				LD_RUNPATH_SEARCH_PATHS = "@executable_path/Frameworks";
				"LD_RUNPATH_SEARCH_PATHS[sdk=macosx*]" = "@executable_path/../Frameworks";
				MACOSX_DEPLOYMENT_TARGET = 13.3;
				MARKETING_VERSION = 1.0;
				PRODUCT_BUNDLE_IDENTIFIER = example.com.RedFlag1;
				PRODUCT_NAME = "$(TARGET_NAME)";
				SDKROOT = auto;
				SUPPORTED_PLATFORMS = "iphoneos iphonesimulator macosx";
				SWIFT_EMIT_LOC_STRINGS = YES;
				SWIFT_VERSION = 5.0;
				TARGETED_DEVICE_FAMILY = "1,2";
			};
			name = Release;
		};
		79BD14092A8443E600162858 /* Debug */ = {
			isa = XCBuildConfiguration;
			buildSettings = {
				ALWAYS_EMBED_SWIFT_STANDARD_LIBRARIES = YES;
				BUNDLE_LOADER = "$(TEST_HOST)";
				CODE_SIGN_STYLE = Automatic;
				CURRENT_PROJECT_VERSION = 1;
				DEVELOPMENT_TEAM = A7W3PW83NK;
				GENERATE_INFOPLIST_FILE = YES;
				IPHONEOS_DEPLOYMENT_TARGET = 16.4;
				MACOSX_DEPLOYMENT_TARGET = 13.3;
				MARKETING_VERSION = 1.0;
				PRODUCT_BUNDLE_IDENTIFIER = example.com.RedFlag1Tests;
				PRODUCT_NAME = "$(TARGET_NAME)";
				SDKROOT = auto;
				SUPPORTED_PLATFORMS = "iphoneos iphonesimulator macosx";
				SWIFT_EMIT_LOC_STRINGS = NO;
				SWIFT_VERSION = 5.0;
				TARGETED_DEVICE_FAMILY = "1,2";
				TEST_HOST = "$(BUILT_PRODUCTS_DIR)/RedFlag1.app/$(BUNDLE_EXECUTABLE_FOLDER_PATH)/RedFlag1";
			};
			name = Debug;
		};
		79BD140A2A8443E600162858 /* Release */ = {
			isa = XCBuildConfiguration;
			buildSettings = {
				ALWAYS_EMBED_SWIFT_STANDARD_LIBRARIES = YES;
				BUNDLE_LOADER = "$(TEST_HOST)";
				CODE_SIGN_STYLE = Automatic;
				CURRENT_PROJECT_VERSION = 1;
				DEVELOPMENT_TEAM = A7W3PW83NK;
				GENERATE_INFOPLIST_FILE = YES;
				IPHONEOS_DEPLOYMENT_TARGET = 16.4;
				MACOSX_DEPLOYMENT_TARGET = 13.3;
				MARKETING_VERSION = 1.0;
				PRODUCT_BUNDLE_IDENTIFIER = example.com.RedFlag1Tests;
				PRODUCT_NAME = "$(TARGET_NAME)";
				SDKROOT = auto;
				SUPPORTED_PLATFORMS = "iphoneos iphonesimulator macosx";
				SWIFT_EMIT_LOC_STRINGS = NO;
				SWIFT_VERSION = 5.0;
				TARGETED_DEVICE_FAMILY = "1,2";
				TEST_HOST = "$(BUILT_PRODUCTS_DIR)/RedFlag1.app/$(BUNDLE_EXECUTABLE_FOLDER_PATH)/RedFlag1";
			};
			name = Release;
		};
		79BD140C2A8443E600162858 /* Debug */ = {
			isa = XCBuildConfiguration;
			buildSettings = {
				ALWAYS_EMBED_SWIFT_STANDARD_LIBRARIES = YES;
				CODE_SIGN_STYLE = Automatic;
				CURRENT_PROJECT_VERSION = 1;
				DEVELOPMENT_TEAM = A7W3PW83NK;
				GENERATE_INFOPLIST_FILE = YES;
				IPHONEOS_DEPLOYMENT_TARGET = 16.4;
				MACOSX_DEPLOYMENT_TARGET = 13.3;
				MARKETING_VERSION = 1.0;
				PRODUCT_BUNDLE_IDENTIFIER = example.com.RedFlag1UITests;
				PRODUCT_NAME = "$(TARGET_NAME)";
				SDKROOT = auto;
				SUPPORTED_PLATFORMS = "iphoneos iphonesimulator macosx";
				SWIFT_EMIT_LOC_STRINGS = NO;
				SWIFT_VERSION = 5.0;
				TARGETED_DEVICE_FAMILY = "1,2";
				TEST_TARGET_NAME = RedFlag1;
			};
			name = Debug;
		};
		79BD140D2A8443E600162858 /* Release */ = {
			isa = XCBuildConfiguration;
			buildSettings = {
				ALWAYS_EMBED_SWIFT_STANDARD_LIBRARIES = YES;
				CODE_SIGN_STYLE = Automatic;
				CURRENT_PROJECT_VERSION = 1;
				DEVELOPMENT_TEAM = A7W3PW83NK;
				GENERATE_INFOPLIST_FILE = YES;
				IPHONEOS_DEPLOYMENT_TARGET = 16.4;
				MACOSX_DEPLOYMENT_TARGET = 13.3;
				MARKETING_VERSION = 1.0;
				PRODUCT_BUNDLE_IDENTIFIER = example.com.RedFlag1UITests;
				PRODUCT_NAME = "$(TARGET_NAME)";
				SDKROOT = auto;
				SUPPORTED_PLATFORMS = "iphoneos iphonesimulator macosx";
				SWIFT_EMIT_LOC_STRINGS = NO;
				SWIFT_VERSION = 5.0;
				TARGETED_DEVICE_FAMILY = "1,2";
				TEST_TARGET_NAME = RedFlag1;
			};
			name = Release;
		};
/* End XCBuildConfiguration section */

/* Begin XCConfigurationList section */
		79BD13DB2A8443E400162858 /* Build configuration list for PBXProject "RedFlag1" */ = {
			isa = XCConfigurationList;
			buildConfigurations = (
				79BD14032A8443E600162858 /* Debug */,
				79BD14042A8443E600162858 /* Release */,
			);
			defaultConfigurationIsVisible = 0;
			defaultConfigurationName = Release;
		};
		79BD14052A8443E600162858 /* Build configuration list for PBXNativeTarget "RedFlag1" */ = {
			isa = XCConfigurationList;
			buildConfigurations = (
				79BD14062A8443E600162858 /* Debug */,
				79BD14072A8443E600162858 /* Release */,
			);
			defaultConfigurationIsVisible = 0;
			defaultConfigurationName = Release;
		};
		79BD14082A8443E600162858 /* Build configuration list for PBXNativeTarget "RedFlag1Tests" */ = {
			isa = XCConfigurationList;
			buildConfigurations = (
				79BD14092A8443E600162858 /* Debug */,
				79BD140A2A8443E600162858 /* Release */,
			);
			defaultConfigurationIsVisible = 0;
			defaultConfigurationName = Release;
		};
		79BD140B2A8443E600162858 /* Build configuration list for PBXNativeTarget "RedFlag1UITests" */ = {
			isa = XCConfigurationList;
			buildConfigurations = (
				79BD140C2A8443E600162858 /* Debug */,
				79BD140D2A8443E600162858 /* Release */,
			);
			defaultConfigurationIsVisible = 0;
			defaultConfigurationName = Release;
		};
/* End XCConfigurationList section */
	};
	rootObject = 79BD13D82A8443E400162858 /* Project object */;
}
